{
    "_readme": [
        "This file locks the dependencies of your project to a known state",
        "Read more about it at https://getcomposer.org/doc/01-basic-usage.md#installing-dependencies",
        "This file is @generated automatically"
    ],
    "content-hash": "495c27ce5f4cee3984d834e7c9d6a1cd",
    "packages": [
        {
            "name": "minicli/curly",
            "version": "0.2.2",
            "source": {
                "type": "git",
                "url": "https://github.com/minicli/curly.git",
                "reference": "9287f74597298c2f5372a74212e1bcc86ec78675"
            },
            "dist": {
                "type": "zip",
                "url": "https://api.github.com/repos/minicli/curly/zipball/9287f74597298c2f5372a74212e1bcc86ec78675",
                "reference": "9287f74597298c2f5372a74212e1bcc86ec78675",
                "shasum": ""
            },
            "require": {
                "ext-curl": "*",
                "ext-json": "*"
            },
            "require-dev": {
                "friendsofphp/php-cs-fixer": "^3.7",
                "pestphp/pest": "^1.21"
            },
            "type": "library",
            "autoload": {
                "psr-4": {
                    "Minicli\\Curly\\": "src/"
                }
            },
            "notification-url": "https://packagist.org/downloads/",
            "license": [
                "MIT"
            ],
            "description": "Simple Curl Client",
            "homepage": "https://github.com/erikaheidi/minicli",
            "keywords": [
                "api",
                "curl",
                "wrapper"
            ],
            "support": {
                "issues": "https://github.com/minicli/curly/issues",
                "source": "https://github.com/minicli/curly/tree/0.2.2"
            },
            "time": "2022-10-07T07:40:59+00:00"
        },
        {
            "name": "minicli/minicli",
            "version": "3.2.1",
            "source": {
                "type": "git",
                "url": "https://github.com/minicli/minicli.git",
                "reference": "2d31b303461d0ec1f8c6d0be00f8b26be8766fbe"
            },
            "dist": {
                "type": "zip",
                "url": "https://api.github.com/repos/minicli/minicli/zipball/2d31b303461d0ec1f8c6d0be00f8b26be8766fbe",
                "reference": "2d31b303461d0ec1f8c6d0be00f8b26be8766fbe",
                "shasum": ""
            },
            "require": {
                "ext-readline": "*",
                "php": ">=8"
            },
            "require-dev": {
                "friendsofphp/php-cs-fixer": "^3.5",
                "pestphp/pest": "^1.0",
                "phpunit/phpunit": "^9.0"
            },
            "type": "library",
            "autoload": {
                "psr-4": {
                    "Minicli\\": "src/"
                }
            },
            "notification-url": "https://packagist.org/downloads/",
            "license": [
                "MIT"
            ],
            "description": "Experimental micro CLI framework for PHP",
            "homepage": "https://github.com/minicli/minicli",
            "keywords": [
                "cli",
                "command-line"
            ],
            "support": {
                "issues": "https://github.com/minicli/minicli/issues",
                "source": "https://github.com/minicli/minicli/tree/3.2.1"
            },
            "funding": [
                {
                    "url": "https://github.com/erikaheidi",
                    "type": "github"
                }
            ],
            "time": "2022-09-23T09:04:22+00:00"
        }
    ],
    "packages-dev": [],
    "aliases": [],
    "minimum-stability": "stable",
    "stability-flags": [],
    "prefer-stable": false,
    "prefer-lowest": false,
    "platform": {
        "ext-json": "*"
    },
    "platform-dev": [],
    "plugin-api-version": "2.3.0"
}
